
Microsoft Visual Studio Solution File, Format Version 12.00
# Visual Studio 2013
VisualStudioVersion = 12.0.21005.1
MinimumVisualStudioVersion = 10.0.40219.1
Project("{FAE04EC0-301F-11D3-BF4B-00C04F79EFBC}") = "CertificationApp.Domain", "CertificationApp.Domain\CertificationApp.Domain.csproj", "{C1ACE111-A0A7-433D-9554-C1576453F56A}"
EndProject
Project("{FAE04EC0-301F-11D3-BF4B-00C04F79EFBC}") = "CertificationApp.WebApp", "CertificationApp.WebApp\CertificationApp.WebApp.csproj", "{4823E7F9-95E2-420C-A56E-0F179D758BFE}"
EndProject
Global
	GlobalSection(SolutionConfigurationPlatforms) = preSolution
		Debug|Any CPU = Debug|Any CPU
		Release|Any CPU = Release|Any CPU
	EndGlobalSection
	GlobalSection(ProjectConfigurationPlatforms) = postSolution
		{C1ACE111-A0A7-433D-9554-C1576453F56A}.Debug|Any CPU.ActiveCfg = Debug|Any CPU
		{C1ACE111-A0A7-433D-9554-C1576453F56A}.Debug|Any CPU.Build.0 = Debug|Any CPU
		{C1ACE111-A0A7-433D-9554-C1576453F56A}.Release|Any CPU.ActiveCfg = Release|Any CPU
		{C1ACE111-A0A7-433D-9554-C1576453F56A}.Release|Any CPU.Build.0 = Release|Any CPU
		{4823E7F9-95E2-420C-A56E-0F179D758BFE}.Debug|Any CPU.ActiveCfg = Debug|Any CPU
		{4823E7F9-95E2-420C-A56E-0F179D758BFE}.Debug|Any CPU.Build.0 = Debug|Any CPU
		{4823E7F9-95E2-420C-A56E-0F179D758BFE}.Release|Any CPU.ActiveCfg = Release|Any CPU
		{4823E7F9-95E2-420C-A56E-0F179D758BFE}.Release|Any CPU.Build.0 = Release|Any CPU
	EndGlobalSection
	GlobalSection(SolutionProperties) = preSolution
		HideSolutionNode = FALSE
	EndGlobalSection
EndGlobal
